
Microsoft Visual Studio Solution File, Format Version 12.00
# Visual Studio Version 17
VisualStudioVersion = 17.8.34112.27
MinimumVisualStudioVersion = 10.0.40219.1
Project("{FAE04EC0-301F-11D3-BF4B-00C04F79EFBC}") = "TestProject", "TestProject\TestProject.csproj", "{7FE475AB-0FC6-40EB-9B32-E26E11AE6315}"
EndProject
Global
	GlobalSection(SolutionConfigurationPlatforms) = preSolution
		Debug|Any CPU = Debug|Any CPU
		Release|Any CPU = Release|Any CPU
	EndGlobalSection
	GlobalSection(ProjectConfigurationPlatforms) = postSolution
		{7FE475AB-0FC6-40EB-9B32-E26E11AE6315}.Debug|Any CPU.ActiveCfg = Debug|Any CPU
		{7FE475AB-0FC6-40EB-9B32-E26E11AE6315}.Debug|Any CPU.Build.0 = Debug|Any CPU
		{7FE475AB-0FC6-40EB-9B32-E26E11AE6315}.Release|Any CPU.ActiveCfg = Release|Any CPU
		{7FE475AB-0FC6-40EB-9B32-E26E11AE6315}.Release|Any CPU.Build.0 = Release|Any CPU
	EndGlobalSection
	GlobalSection(SolutionProperties) = preSolution
		HideSolutionNode = FALSE
	EndGlobalSection
	GlobalSection(ExtensibilityGlobals) = postSolution
		SolutionGuid = {1C5AF603-28BE-48B9-833C-3309CBC67A9D}
	EndGlobalSection
EndGlobal
